
Microsoft Visual Studio Solution File, Format Version 12.00
# Visual Studio Version 17
VisualStudioVersion = 17.5.33530.505
MinimumVisualStudioVersion = 10.0.40219.1
Project("{FAE04EC0-301F-11D3-BF4B-00C04F79EFBC}") = "TestWord", "TestWord\TestWord.csproj", "{8F957582-FBB2-4715-8AC0-3524DD73F1D3}"
EndProject
Project("{FAE04EC0-301F-11D3-BF4B-00C04F79EFBC}") = "TestWordTests", "TestWordTests\TestWordTests.csproj", "{A4257483-9659-45A6-90EB-FC34D0ABEC8F}"
EndProject
Global
	GlobalSection(SolutionConfigurationPlatforms) = preSolution
		Debug|Any CPU = Debug|Any CPU
		Release|Any CPU = Release|Any CPU
	EndGlobalSection
	GlobalSection(ProjectConfigurationPlatforms) = postSolution
		{8F957582-FBB2-4715-8AC0-3524DD73F1D3}.Debug|Any CPU.ActiveCfg = Debug|Any CPU
		{8F957582-FBB2-4715-8AC0-3524DD73F1D3}.Debug|Any CPU.Build.0 = Debug|Any CPU
		{8F957582-FBB2-4715-8AC0-3524DD73F1D3}.Release|Any CPU.ActiveCfg = Release|Any CPU
		{8F957582-FBB2-4715-8AC0-3524DD73F1D3}.Release|Any CPU.Build.0 = Release|Any CPU
		{A4257483-9659-45A6-90EB-FC34D0ABEC8F}.Debug|Any CPU.ActiveCfg = Debug|Any CPU
		{A4257483-9659-45A6-90EB-FC34D0ABEC8F}.Debug|Any CPU.Build.0 = Debug|Any CPU
		{A4257483-9659-45A6-90EB-FC34D0ABEC8F}.Release|Any CPU.ActiveCfg = Release|Any CPU
		{A4257483-9659-45A6-90EB-FC34D0ABEC8F}.Release|Any CPU.Build.0 = Release|Any CPU
	EndGlobalSection
	GlobalSection(SolutionProperties) = preSolution
		HideSolutionNode = FALSE
	EndGlobalSection
	GlobalSection(ExtensibilityGlobals) = postSolution
		SolutionGuid = {FD546F2E-D1EB-45E6-8CA3-C057D089B2DC}
	EndGlobalSection
EndGlobal
